<?xml version="1.0" encoding="utf-8"?>
<Project ToolsVersion="4.0" xmlns="http://schemas.microsoft.com/developer/msbuild/2003">
  <ItemGroup>
    <Filter Include="Source Files">
      <UniqueIdentifier>{4FC737F1-C7A5-4376-A066-2A32D752A2FF}</UniqueIdentifier>
      <Extensions>cpp;c;cc;cxx;c++;cppm;ixx;def;odl;idl;hpj;bat;asm;asmx</Extensions>
    </Filter>
    <Filter Include="Header Files">
      <UniqueIdentifier>{93995380-89BD-4b04-88EB-625FBE52EBFB}</UniqueIdentifier>
      <Extensions>h;hh;hpp;hxx;h++;hm;inl;inc;ipp;xsd</Extensions>
    </Filter>
    <Filter Include="Resource Files">
      <UniqueIdentifier>{67DA6AB6-F800-4c08-8B7A-83BB121AAD01}</UniqueIdentifier>
      <Extensions>rc;ico;cur;bmp;dlg;rc2;rct;bin;rgs;gif;jpg;jpeg;jpe;resx;tiff;tif;png;wav;mfcribbon-ms</Extensions>
    </Filter>
  </ItemGroup>
  <ItemGroup>
    <ClCompile Include="TemuWinrar.cpp">
      <Filter>Source Files</Filter>
    </ClCompile>
    <ClCompile Include="Archive\ArchiveMaster.cpp">
      <Filter>Source Files</Filter>
    </ClCompile>
    <ClCompile Include="Commands\CheckCmd.cpp">
      <Filter>Source Files</Filter>
    </ClCompile>
    <ClCompile Include="Commands\ZipCmd.cpp">
      <Filter>Source Files</Filter>
    </ClCompile>
    <ClCompile Include="Commands\UpdateCmd.cpp">
      <Filter>Source Files</Filter>
    </ClCompile>
    <ClCompile Include="Commands\UnzipCmd.cpp">
      <Filter>Source Files</Filter>
    </ClCompile>
    <ClCompile Include="Commands\InfoCmd.cpp">
      <Filter>Source Files</Filter>
    </ClCompile>
    <ClCompile Include="Execution\Invoker.cpp">
      <Filter>Source Files</Filter>
    </ClCompile>
    <ClCompile Include="Execution\Controller.cpp">
      <Filter>Source Files</Filter>
    </ClCompile>
    <ClCompile Include="App.cpp">
      <Filter>Source Files</Filter>
    </ClCompile>
    <ClCompile Include="Commands\HelpCmd.cpp">
      <Filter>Source Files</Filter>
    </ClCompile>
    <ClCompile Include="Archive\BitsIO\BitWriter.cpp">
      <Filter>Source Files</Filter>
    </ClCompile>
    <ClCompile Include="Archive\BitsIO\BitReader.cpp">
      <Filter>Source Files</Filter>
    </ClCompile>
    <ClCompile Include="Archive\ArchiveIO\ArchiveWriter.cpp">
      <Filter>Source Files</Filter>
    </ClCompile>
    <ClCompile Include="Archive\ArchiveIO\ArchiveReader.cpp">
      <Filter>Source Files</Filter>
    </ClCompile>
    <ClCompile Include="Archive\Compression\HuffmanCompressor.cpp">
      <Filter>Source Files</Filter>
    </ClCompile>
  </ItemGroup>
  <ItemGroup>
    <ClInclude Include="UI\UserInterface.h">
      <Filter>Header Files</Filter>
    </ClInclude>
    <ClInclude Include="UI\ConsoleInterface.h">
      <Filter>Header Files</Filter>
    </ClInclude>
    <ClInclude Include="Archive\ArchiveMaster.h">
      <Filter>Header Files</Filter>
    </ClInclude>
    <ClInclude Include="Commands\Command.h">
      <Filter>Header Files</Filter>
    </ClInclude>
    <ClInclude Include="Commands\ZipCmd.h">
      <Filter>Header Files</Filter>
    </ClInclude>
    <ClInclude Include="Commands\UnzipCmd.h">
      <Filter>Header Files</Filter>
    </ClInclude>
    <ClInclude Include="Commands\InfoCmd.h">
      <Filter>Header Files</Filter>
    </ClInclude>
    <ClInclude Include="Commands\CheckCmd.h">
      <Filter>Header Files</Filter>
    </ClInclude>
    <ClInclude Include="Commands\UpdateCmd.h">
      <Filter>Header Files</Filter>
    </ClInclude>
    <ClInclude Include="Execution\Invoker.h">
      <Filter>Header Files</Filter>
    </ClInclude>
    <ClInclude Include="Execution\Controller.h">
      <Filter>Header Files</Filter>
    </ClInclude>
    <ClInclude Include="App.h">
      <Filter>Header Files</Filter>
    </ClInclude>
    <ClInclude Include="Commands\HelpCmd.h">
      <Filter>Header Files</Filter>
    </ClInclude>
    <ClInclude Include="Commands\ExitCmd.h">
      <Filter>Header Files</Filter>
    </ClInclude>
    <ClInclude Include="Utils\StaticBinaryHeap.h">
      <Filter>Header Files</Filter>
    </ClInclude>
    <ClInclude Include="Archive\BitsIO\BitReader.h">
      <Filter>Header Files</Filter>
    </ClInclude>
    <ClInclude Include="Archive\BitsIO\BitsWriter.h">
      <Filter>Header Files</Filter>
    </ClInclude>
    <ClInclude Include="Archive\ArchiveIO\ArchiveReader.h">
      <Filter>Header Files</Filter>
    </ClInclude>
    <ClInclude Include="Archive\ArchiveIO\ArchiveWriter.h">
      <Filter>Header Files</Filter>
    </ClInclude>
    <ClInclude Include="Archive\Compression\HuffmanCompressor.h">
      <Filter>Header Files</Filter>
    </ClInclude>
    <ClInclude Include="Archive\ArchiveIO\ArchiveCommon.h">
      <Filter>Header Files</Filter>
    </ClInclude>
  </ItemGroup>
  <ItemGroup>
    <None Include="Utils\splitWords.inl">
      <Filter>Header Files</Filter>
    </None>
  </ItemGroup>
</Project>